
Microsoft Visual Studio Solution File, Format Version 12.00
# Visual Studio 15
VisualStudioVersion = 15.0.27130.2010
MinimumVisualStudioVersion = 10.0.40219.1
Project("{FAE04EC0-301F-11D3-BF4B-00C04F79EFBC}") = "SerialPortReceTest", "SerialPortReceTest\SerialPortReceTest.csproj", "{F74DCEEC-59AD-4AE7-B368-42161DAD4DA1}"
EndProject
Project("{FAE04EC0-301F-11D3-BF4B-00C04F79EFBC}") = "SerialPortSendTest", "SerialPortSendTest\SerialPortSendTest.csproj", "{AA41AF2D-1F88-40FC-A510-CC96D7996AC8}"
EndProject
Global
	GlobalSection(SolutionConfigurationPlatforms) = preSolution
		Debug|Any CPU = Debug|Any CPU
		Release|Any CPU = Release|Any CPU
	EndGlobalSection
	GlobalSection(ProjectConfigurationPlatforms) = postSolution
		{F74DCEEC-59AD-4AE7-B368-42161DAD4DA1}.Debug|Any CPU.ActiveCfg = Debug|Any CPU
		{F74DCEEC-59AD-4AE7-B368-42161DAD4DA1}.Debug|Any CPU.Build.0 = Debug|Any CPU
		{F74DCEEC-59AD-4AE7-B368-42161DAD4DA1}.Release|Any CPU.ActiveCfg = Release|Any CPU
		{F74DCEEC-59AD-4AE7-B368-42161DAD4DA1}.Release|Any CPU.Build.0 = Release|Any CPU
		{AA41AF2D-1F88-40FC-A510-CC96D7996AC8}.Debug|Any CPU.ActiveCfg = Debug|Any CPU
		{AA41AF2D-1F88-40FC-A510-CC96D7996AC8}.Debug|Any CPU.Build.0 = Debug|Any CPU
		{AA41AF2D-1F88-40FC-A510-CC96D7996AC8}.Release|Any CPU.ActiveCfg = Release|Any CPU
		{AA41AF2D-1F88-40FC-A510-CC96D7996AC8}.Release|Any CPU.Build.0 = Release|Any CPU
	EndGlobalSection
	GlobalSection(SolutionProperties) = preSolution
		HideSolutionNode = FALSE
	EndGlobalSection
	GlobalSection(ExtensibilityGlobals) = postSolution
		SolutionGuid = {A208D802-2E85-42C7-B1D6-7B8C3C74F05B}
	EndGlobalSection
EndGlobal
